
Microsoft Visual Studio Solution File, Format Version 12.00
# Visual Studio Version 17
VisualStudioVersion = 17.9.34728.123
MinimumVisualStudioVersion = 10.0.40219.1
Project("{9A19103F-16F7-4668-BE54-9A1E7A4F7556}") = "Echokraut", "Echokraut\Echokraut.csproj", "{13C812E9-0D42-4B95-8646-40EEBF30636F}"
EndProject
Project("{9A19103F-16F7-4668-BE54-9A1E7A4F7556}") = "OtterGui", "OtterGui\OtterGui.csproj", "{41C81EA1-3F66-4CAA-87AD-E1ED4B1BF301}"
EndProject
Project("{FAE04EC0-301F-11D3-BF4B-00C04F79EFBC}") = "EchokrautLocalInstaller", "EchokrautLocalInstaller\EchokrautLocalInstaller.csproj", "{5C4D4597-2F3C-42EB-8D64-9DB0D8EF2AEA}"
EndProject
Project("{FAE04EC0-301F-11D3-BF4B-00C04F79EFBC}") = "Echokraut.Tests", "Echokraut.Tests\Echokraut.Tests.csproj", "{B63E608C-0F15-4110-8BFC-7CA55843831D}"
EndProject
Project("{FAE04EC0-301F-11D3-BF4B-00C04F79EFBC}") = "KamiToolKit", "KamiToolKit\KamiToolKit.csproj", "{86E7156C-E68A-42EB-919D-4178DAA84F2A}"
EndProject
Project("{2150E333-8FDC-42A3-9474-1A3956D46DE8}") = "Echotools", "Echotools", "{C8200D7B-9960-DD89-7DEB-8237A04214D6}"
EndProject
Project("{FAE04EC0-301F-11D3-BF4B-00C04F79EFBC}") = "Logging", "Echotools\Logging\Logging.csproj", "{73CAA0A2-BC19-4AA0-AD1B-9CCB85888E05}"
EndProject
Global
	GlobalSection(SolutionConfigurationPlatforms) = preSolution
		Debug|Any CPU = Debug|Any CPU
		Debug|x64 = Debug|x64
		Debug|x86 = Debug|x86
		DebugForms|Any CPU = DebugForms|Any CPU
		DebugForms|x64 = DebugForms|x64
		DebugForms|x86 = DebugForms|x86
		Release|Any CPU = Release|Any CPU
		Release|x64 = Release|x64
		Release|x86 = Release|x86
		ReleaseForms|Any CPU = ReleaseForms|Any CPU
		ReleaseForms|x64 = ReleaseForms|x64
		ReleaseForms|x86 = ReleaseForms|x86
	EndGlobalSection
	GlobalSection(ProjectConfigurationPlatforms) = postSolution
		{13C812E9-0D42-4B95-8646-40EEBF30636F}.Debug|Any CPU.ActiveCfg = Debug|x64
		{13C812E9-0D42-4B95-8646-40EEBF30636F}.Debug|Any CPU.Build.0 = Debug|x64
		{13C812E9-0D42-4B95-8646-40EEBF30636F}.Debug|x64.ActiveCfg = Debug|x64
		{13C812E9-0D42-4B95-8646-40EEBF30636F}.Debug|x64.Build.0 = Debug|x64
		{13C812E9-0D42-4B95-8646-40EEBF30636F}.Debug|x86.ActiveCfg = Debug|Any CPU
		{13C812E9-0D42-4B95-8646-40EEBF30636F}.Debug|x86.Build.0 = Debug|Any CPU
		{13C812E9-0D42-4B95-8646-40EEBF30636F}.DebugForms|Any CPU.ActiveCfg = Debug|x64
		{13C812E9-0D42-4B95-8646-40EEBF30636F}.DebugForms|Any CPU.Build.0 = Debug|x64
		{13C812E9-0D42-4B95-8646-40EEBF30636F}.DebugForms|x64.ActiveCfg = Debug|x64
		{13C812E9-0D42-4B95-8646-40EEBF30636F}.DebugForms|x64.Build.0 = Debug|x64
		{13C812E9-0D42-4B95-8646-40EEBF30636F}.DebugForms|x86.ActiveCfg = DebugForms|Any CPU
		{13C812E9-0D42-4B95-8646-40EEBF30636F}.DebugForms|x86.Build.0 = DebugForms|Any CPU
		{13C812E9-0D42-4B95-8646-40EEBF30636F}.Release|Any CPU.ActiveCfg = Release|x64
		{13C812E9-0D42-4B95-8646-40EEBF30636F}.Release|Any CPU.Build.0 = Release|x64
		{13C812E9-0D42-4B95-8646-40EEBF30636F}.Release|x64.ActiveCfg = Release|x64
		{13C812E9-0D42-4B95-8646-40EEBF30636F}.Release|x64.Build.0 = Release|x64
		{13C812E9-0D42-4B95-8646-40EEBF30636F}.Release|x86.ActiveCfg = Release|Any CPU
		{13C812E9-0D42-4B95-8646-40EEBF30636F}.Release|x86.Build.0 = Release|Any CPU
		{13C812E9-0D42-4B95-8646-40EEBF30636F}.ReleaseForms|Any CPU.ActiveCfg = Release|x64
		{13C812E9-0D42-4B95-8646-40EEBF30636F}.ReleaseForms|Any CPU.Build.0 = Release|x64
		{13C812E9-0D42-4B95-8646-40EEBF30636F}.ReleaseForms|x64.ActiveCfg = Release|x64
		{13C812E9-0D42-4B95-8646-40EEBF30636F}.ReleaseForms|x64.Build.0 = Release|x64
		{13C812E9-0D42-4B95-8646-40EEBF30636F}.ReleaseForms|x86.ActiveCfg = ReleaseForms|Any CPU
		{13C812E9-0D42-4B95-8646-40EEBF30636F}.ReleaseForms|x86.Build.0 = ReleaseForms|Any CPU
		{41C81EA1-3F66-4CAA-87AD-E1ED4B1BF301}.Debug|Any CPU.ActiveCfg = Debug|Any CPU
		{41C81EA1-3F66-4CAA-87AD-E1ED4B1BF301}.Debug|Any CPU.Build.0 = Debug|Any CPU
		{41C81EA1-3F66-4CAA-87AD-E1ED4B1BF301}.Debug|x64.ActiveCfg = Debug|Any CPU
		{41C81EA1-3F66-4CAA-87AD-E1ED4B1BF301}.Debug|x64.Build.0 = Debug|Any CPU
		{41C81EA1-3F66-4CAA-87AD-E1ED4B1BF301}.Debug|x86.ActiveCfg = Debug|Any CPU
		{41C81EA1-3F66-4CAA-87AD-E1ED4B1BF301}.Debug|x86.Build.0 = Debug|Any CPU
		{41C81EA1-3F66-4CAA-87AD-E1ED4B1BF301}.DebugForms|Any CPU.ActiveCfg = Debug|Any CPU
		{41C81EA1-3F66-4CAA-87AD-E1ED4B1BF301}.DebugForms|Any CPU.Build.0 = Debug|Any CPU
		{41C81EA1-3F66-4CAA-87AD-E1ED4B1BF301}.DebugForms|x64.ActiveCfg = Debug|Any CPU
		{41C81EA1-3F66-4CAA-87AD-E1ED4B1BF301}.DebugForms|x64.Build.0 = Debug|Any CPU
		{41C81EA1-3F66-4CAA-87AD-E1ED4B1BF301}.DebugForms|x86.ActiveCfg = DebugForms|Any CPU
		{41C81EA1-3F66-4CAA-87AD-E1ED4B1BF301}.DebugForms|x86.Build.0 = DebugForms|Any CPU
		{41C81EA1-3F66-4CAA-87AD-E1ED4B1BF301}.Release|Any CPU.ActiveCfg = Release|Any CPU
		{41C81EA1-3F66-4CAA-87AD-E1ED4B1BF301}.Release|Any CPU.Build.0 = Release|Any CPU
		{41C81EA1-3F66-4CAA-87AD-E1ED4B1BF301}.Release|x64.ActiveCfg = Release|Any CPU
		{41C81EA1-3F66-4CAA-87AD-E1ED4B1BF301}.Release|x64.Build.0 = Release|Any CPU
		{41C81EA1-3F66-4CAA-87AD-E1ED4B1BF301}.Release|x86.ActiveCfg = Release|Any CPU
		{41C81EA1-3F66-4CAA-87AD-E1ED4B1BF301}.Release|x86.Build.0 = Release|Any CPU
		{41C81EA1-3F66-4CAA-87AD-E1ED4B1BF301}.ReleaseForms|Any CPU.ActiveCfg = Release|Any CPU
		{41C81EA1-3F66-4CAA-87AD-E1ED4B1BF301}.ReleaseForms|Any CPU.Build.0 = Release|Any CPU
		{41C81EA1-3F66-4CAA-87AD-E1ED4B1BF301}.ReleaseForms|x64.ActiveCfg = Release|Any CPU
		{41C81EA1-3F66-4CAA-87AD-E1ED4B1BF301}.ReleaseForms|x64.Build.0 = Release|Any CPU
		{41C81EA1-3F66-4CAA-87AD-E1ED4B1BF301}.ReleaseForms|x86.ActiveCfg = ReleaseForms|Any CPU
		{41C81EA1-3F66-4CAA-87AD-E1ED4B1BF301}.ReleaseForms|x86.Build.0 = ReleaseForms|Any CPU
		{5C4D4597-2F3C-42EB-8D64-9DB0D8EF2AEA}.Debug|Any CPU.ActiveCfg = Debug|Any CPU
		{5C4D4597-2F3C-42EB-8D64-9DB0D8EF2AEA}.Debug|Any CPU.Build.0 = Debug|Any CPU
		{5C4D4597-2F3C-42EB-8D64-9DB0D8EF2AEA}.Debug|x64.ActiveCfg = Debug|Any CPU
		{5C4D4597-2F3C-42EB-8D64-9DB0D8EF2AEA}.Debug|x64.Build.0 = Debug|Any CPU
		{5C4D4597-2F3C-42EB-8D64-9DB0D8EF2AEA}.Debug|x86.ActiveCfg = Debug|Any CPU
		{5C4D4597-2F3C-42EB-8D64-9DB0D8EF2AEA}.Debug|x86.Build.0 = Debug|Any CPU
		{5C4D4597-2F3C-42EB-8D64-9DB0D8EF2AEA}.DebugForms|Any CPU.ActiveCfg = Debug|Any CPU
		{5C4D4597-2F3C-42EB-8D64-9DB0D8EF2AEA}.DebugForms|Any CPU.Build.0 = Debug|Any CPU
		{5C4D4597-2F3C-42EB-8D64-9DB0D8EF2AEA}.DebugForms|x64.ActiveCfg = Debug|Any CPU
		{5C4D4597-2F3C-42EB-8D64-9DB0D8EF2AEA}.DebugForms|x64.Build.0 = Debug|Any CPU
		{5C4D4597-2F3C-42EB-8D64-9DB0D8EF2AEA}.DebugForms|x86.ActiveCfg = DebugForms|Any CPU
		{5C4D4597-2F3C-42EB-8D64-9DB0D8EF2AEA}.DebugForms|x86.Build.0 = DebugForms|Any CPU
		{5C4D4597-2F3C-42EB-8D64-9DB0D8EF2AEA}.Release|Any CPU.ActiveCfg = Release|Any CPU
		{5C4D4597-2F3C-42EB-8D64-9DB0D8EF2AEA}.Release|Any CPU.Build.0 = Release|Any CPU
		{5C4D4597-2F3C-42EB-8D64-9DB0D8EF2AEA}.Release|x64.ActiveCfg = Release|Any CPU
		{5C4D4597-2F3C-42EB-8D64-9DB0D8EF2AEA}.Release|x64.Build.0 = Release|Any CPU
		{5C4D4597-2F3C-42EB-8D64-9DB0D8EF2AEA}.Release|x86.ActiveCfg = Release|Any CPU
		{5C4D4597-2F3C-42EB-8D64-9DB0D8EF2AEA}.Release|x86.Build.0 = Release|Any CPU
		{5C4D4597-2F3C-42EB-8D64-9DB0D8EF2AEA}.ReleaseForms|Any CPU.ActiveCfg = Debug|Any CPU
		{5C4D4597-2F3C-42EB-8D64-9DB0D8EF2AEA}.ReleaseForms|Any CPU.Build.0 = Debug|Any CPU
		{5C4D4597-2F3C-42EB-8D64-9DB0D8EF2AEA}.ReleaseForms|x64.ActiveCfg = Debug|Any CPU
		{5C4D4597-2F3C-42EB-8D64-9DB0D8EF2AEA}.ReleaseForms|x64.Build.0 = Debug|Any CPU
		{5C4D4597-2F3C-42EB-8D64-9DB0D8EF2AEA}.ReleaseForms|x86.ActiveCfg = ReleaseForms|Any CPU
		{5C4D4597-2F3C-42EB-8D64-9DB0D8EF2AEA}.ReleaseForms|x86.Build.0 = ReleaseForms|Any CPU
		{B63E608C-0F15-4110-8BFC-7CA55843831D}.Debug|Any CPU.ActiveCfg = Debug|x64
		{B63E608C-0F15-4110-8BFC-7CA55843831D}.Debug|Any CPU.Build.0 = Debug|x64
		{B63E608C-0F15-4110-8BFC-7CA55843831D}.Debug|x64.ActiveCfg = Debug|x64
		{B63E608C-0F15-4110-8BFC-7CA55843831D}.Debug|x64.Build.0 = Debug|x64
		{B63E608C-0F15-4110-8BFC-7CA55843831D}.Debug|x86.ActiveCfg = Debug|Any CPU
		{B63E608C-0F15-4110-8BFC-7CA55843831D}.Debug|x86.Build.0 = Debug|Any CPU
		{B63E608C-0F15-4110-8BFC-7CA55843831D}.DebugForms|Any CPU.ActiveCfg = Debug|x64
		{B63E608C-0F15-4110-8BFC-7CA55843831D}.DebugForms|Any CPU.Build.0 = Debug|x64
		{B63E608C-0F15-4110-8BFC-7CA55843831D}.DebugForms|x64.ActiveCfg = Debug|x64
		{B63E608C-0F15-4110-8BFC-7CA55843831D}.DebugForms|x64.Build.0 = Debug|x64
		{B63E608C-0F15-4110-8BFC-7CA55843831D}.DebugForms|x86.ActiveCfg = DebugForms|Any CPU
		{B63E608C-0F15-4110-8BFC-7CA55843831D}.DebugForms|x86.Build.0 = DebugForms|Any CPU
		{B63E608C-0F15-4110-8BFC-7CA55843831D}.Release|Any CPU.ActiveCfg = Release|x64
		{B63E608C-0F15-4110-8BFC-7CA55843831D}.Release|Any CPU.Build.0 = Release|x64
		{B63E608C-0F15-4110-8BFC-7CA55843831D}.Release|x64.ActiveCfg = Release|x64
		{B63E608C-0F15-4110-8BFC-7CA55843831D}.Release|x64.Build.0 = Release|x64
		{B63E608C-0F15-4110-8BFC-7CA55843831D}.Release|x86.ActiveCfg = Release|Any CPU
		{B63E608C-0F15-4110-8BFC-7CA55843831D}.Release|x86.Build.0 = Release|Any CPU
		{B63E608C-0F15-4110-8BFC-7CA55843831D}.ReleaseForms|Any CPU.ActiveCfg = Debug|x64
		{B63E608C-0F15-4110-8BFC-7CA55843831D}.ReleaseForms|Any CPU.Build.0 = Debug|x64
		{B63E608C-0F15-4110-8BFC-7CA55843831D}.ReleaseForms|x64.ActiveCfg = Debug|x64
		{B63E608C-0F15-4110-8BFC-7CA55843831D}.ReleaseForms|x64.Build.0 = Debug|x64
		{B63E608C-0F15-4110-8BFC-7CA55843831D}.ReleaseForms|x86.ActiveCfg = ReleaseForms|Any CPU
		{B63E608C-0F15-4110-8BFC-7CA55843831D}.ReleaseForms|x86.Build.0 = ReleaseForms|Any CPU
		{86E7156C-E68A-42EB-919D-4178DAA84F2A}.Debug|Any CPU.ActiveCfg = Debug|x64
		{86E7156C-E68A-42EB-919D-4178DAA84F2A}.Debug|Any CPU.Build.0 = Debug|x64
		{86E7156C-E68A-42EB-919D-4178DAA84F2A}.Debug|x64.ActiveCfg = Debug|x64
		{86E7156C-E68A-42EB-919D-4178DAA84F2A}.Debug|x64.Build.0 = Debug|x64
		{86E7156C-E68A-42EB-919D-4178DAA84F2A}.Debug|x86.ActiveCfg = Debug|x64
		{86E7156C-E68A-42EB-919D-4178DAA84F2A}.Debug|x86.Build.0 = Debug|x64
		{86E7156C-E68A-42EB-919D-4178DAA84F2A}.DebugForms|Any CPU.ActiveCfg = Debug|x64
		{86E7156C-E68A-42EB-919D-4178DAA84F2A}.DebugForms|Any CPU.Build.0 = Debug|x64
		{86E7156C-E68A-42EB-919D-4178DAA84F2A}.DebugForms|x64.ActiveCfg = Debug|x64
		{86E7156C-E68A-42EB-919D-4178DAA84F2A}.DebugForms|x64.Build.0 = Debug|x64
		{86E7156C-E68A-42EB-919D-4178DAA84F2A}.DebugForms|x86.ActiveCfg = Debug|x64
		{86E7156C-E68A-42EB-919D-4178DAA84F2A}.DebugForms|x86.Build.0 = Debug|x64
		{86E7156C-E68A-42EB-919D-4178DAA84F2A}.Release|Any CPU.ActiveCfg = Release|x64
		{86E7156C-E68A-42EB-919D-4178DAA84F2A}.Release|Any CPU.Build.0 = Release|x64
		{86E7156C-E68A-42EB-919D-4178DAA84F2A}.Release|x64.ActiveCfg = Release|x64
		{86E7156C-E68A-42EB-919D-4178DAA84F2A}.Release|x64.Build.0 = Release|x64
		{86E7156C-E68A-42EB-919D-4178DAA84F2A}.Release|x86.ActiveCfg = Release|x64
		{86E7156C-E68A-42EB-919D-4178DAA84F2A}.Release|x86.Build.0 = Release|x64
		{86E7156C-E68A-42EB-919D-4178DAA84F2A}.ReleaseForms|Any CPU.ActiveCfg = Debug|x64
		{86E7156C-E68A-42EB-919D-4178DAA84F2A}.ReleaseForms|Any CPU.Build.0 = Debug|x64
		{86E7156C-E68A-42EB-919D-4178DAA84F2A}.ReleaseForms|x64.ActiveCfg = Debug|x64
		{86E7156C-E68A-42EB-919D-4178DAA84F2A}.ReleaseForms|x64.Build.0 = Debug|x64
		{86E7156C-E68A-42EB-919D-4178DAA84F2A}.ReleaseForms|x86.ActiveCfg = Debug|x64
		{86E7156C-E68A-42EB-919D-4178DAA84F2A}.ReleaseForms|x86.Build.0 = Debug|x64
		{73CAA0A2-BC19-4AA0-AD1B-9CCB85888E05}.Debug|Any CPU.ActiveCfg = Debug|x64
		{73CAA0A2-BC19-4AA0-AD1B-9CCB85888E05}.Debug|Any CPU.Build.0 = Debug|x64
		{73CAA0A2-BC19-4AA0-AD1B-9CCB85888E05}.Debug|x64.ActiveCfg = Debug|x64
		{73CAA0A2-BC19-4AA0-AD1B-9CCB85888E05}.Debug|x64.Build.0 = Debug|x64
		{73CAA0A2-BC19-4AA0-AD1B-9CCB85888E05}.Debug|x86.ActiveCfg = Debug|x64
		{73CAA0A2-BC19-4AA0-AD1B-9CCB85888E05}.Debug|x86.Build.0 = Debug|x64
		{73CAA0A2-BC19-4AA0-AD1B-9CCB85888E05}.DebugForms|Any CPU.ActiveCfg = Debug|x64
		{73CAA0A2-BC19-4AA0-AD1B-9CCB85888E05}.DebugForms|Any CPU.Build.0 = Debug|x64
		{73CAA0A2-BC19-4AA0-AD1B-9CCB85888E05}.DebugForms|x64.ActiveCfg = Debug|x64
		{73CAA0A2-BC19-4AA0-AD1B-9CCB85888E05}.DebugForms|x64.Build.0 = Debug|x64
		{73CAA0A2-BC19-4AA0-AD1B-9CCB85888E05}.DebugForms|x86.ActiveCfg = Debug|x64
		{73CAA0A2-BC19-4AA0-AD1B-9CCB85888E05}.DebugForms|x86.Build.0 = Debug|x64
		{73CAA0A2-BC19-4AA0-AD1B-9CCB85888E05}.Release|Any CPU.ActiveCfg = Release|x64
		{73CAA0A2-BC19-4AA0-AD1B-9CCB85888E05}.Release|Any CPU.Build.0 = Release|x64
		{73CAA0A2-BC19-4AA0-AD1B-9CCB85888E05}.Release|x64.ActiveCfg = Release|x64
		{73CAA0A2-BC19-4AA0-AD1B-9CCB85888E05}.Release|x64.Build.0 = Release|x64
		{73CAA0A2-BC19-4AA0-AD1B-9CCB85888E05}.Release|x86.ActiveCfg = Release|x64
		{73CAA0A2-BC19-4AA0-AD1B-9CCB85888E05}.Release|x86.Build.0 = Release|x64
		{73CAA0A2-BC19-4AA0-AD1B-9CCB85888E05}.ReleaseForms|Any CPU.ActiveCfg = Debug|x64
		{73CAA0A2-BC19-4AA0-AD1B-9CCB85888E05}.ReleaseForms|Any CPU.Build.0 = Debug|x64
		{73CAA0A2-BC19-4AA0-AD1B-9CCB85888E05}.ReleaseForms|x64.ActiveCfg = Debug|x64
		{73CAA0A2-BC19-4AA0-AD1B-9CCB85888E05}.ReleaseForms|x64.Build.0 = Debug|x64
		{73CAA0A2-BC19-4AA0-AD1B-9CCB85888E05}.ReleaseForms|x86.ActiveCfg = Debug|x64
		{73CAA0A2-BC19-4AA0-AD1B-9CCB85888E05}.ReleaseForms|x86.Build.0 = Debug|x64
	EndGlobalSection
	GlobalSection(SolutionProperties) = preSolution
		HideSolutionNode = FALSE
	EndGlobalSection
	GlobalSection(NestedProjects) = preSolution
		{73CAA0A2-BC19-4AA0-AD1B-9CCB85888E05} = {C8200D7B-9960-DD89-7DEB-8237A04214D6}
	EndGlobalSection
	GlobalSection(ExtensibilityGlobals) = postSolution
		SolutionGuid = {B17E85B1-5F60-4440-9F9A-3DDE877E8CDF}
	EndGlobalSection
EndGlobal
