{
  "version": 1,
  "dependencies": {
    "net10.0-windows7.0": {
      "DotNet.ReproducibleBuilds": {
        "type": "Direct",
        "requested": "[1.2.39, )",
        "resolved": "1.2.39",
        "contentHash": "fcFN01tDTIQqDuTwr1jUQK/geofiwjG5DycJQOnC72i1SsLAk1ELe+apBOuZ11UMQG8YKFZG1FgvjZPbqHyatg=="
      },
      "Microsoft.NET.Test.Sdk": {
        "type": "Direct",
        "requested": "[17.9.0, )",
        "resolved": "17.9.0",
        "contentHash": "7GUNAUbJYn644jzwLm5BD3a2p9C1dmP8Hr6fDPDxgItQk9hBs1Svdxzz07KQ/UphMSmgza9AbijBJGmw5D658A==",
        "dependencies": {
          "Microsoft.CodeCoverage": "17.9.0",
          "Microsoft.TestPlatform.TestHost": "17.9.0"
        }
      },
      "Moq": {
        "type": "Direct",
        "requested": "[4.20.70, )",
        "resolved": "4.20.70",
        "contentHash": "4rNnAwdpXJBuxqrOCzCyICXHSImOTRktCgCWXWykuF1qwoIsVvEnR7PjbMk/eLOxWvhmj5Kwt+kDV3RGUYcNwg==",
        "dependencies": {
          "Castle.Core": "5.1.1"
        }
      },
      "xunit": {
        "type": "Direct",
        "requested": "[2.7.0, )",
        "resolved": "2.7.0",
        "contentHash": "KcCI5zxh8zbUfQTeErc4oT7YokViVND2V0p4vDJ2VD4lhF9V5qCYMMDNixme7FdwYy3SwPHF+2xC2Dq4Z9GSlA==",
        "dependencies": {
          "xunit.analyzers": "1.11.0",
          "xunit.assert": "2.7.0",
          "xunit.core": "[2.7.0]"
        }
      },
      "xunit.runner.visualstudio": {
        "type": "Direct",
        "requested": "[2.5.7, )",
        "resolved": "2.5.7",
        "contentHash": "31Rl7dBJriX0DNwZfDp8gqFOPsiM0c9kqpcH/HvNi9vDp+K7Ydf42H7mVIvYT918Ywzn1ymLg1c4DDC6iU754w=="
      },
      "Castle.Core": {
        "type": "Transitive",
        "resolved": "5.1.1",
        "contentHash": "rpYtIczkzGpf+EkZgDr9CClTdemhsrwA/W5hMoPjLkRFnXzH44zDLoovXeKtmxb1ykXK9aJVODSpiJml8CTw2g==",
        "dependencies": {
          "System.Diagnostics.EventLog": "6.0.0"
        }
      },
      "Google.Apis": {
        "type": "Transitive",
        "resolved": "1.73.0",
        "contentHash": "TnCjEyV2aCLQ6Zl40OCbEJULDuEkEWc6C/g81KYw5l1PqGo+G7pFZrV+YH8XgUL0JRUanz+IrUp8SsKF4dzkqg==",
        "dependencies": {
          "Google.Apis.Core": "1.73.0"
        }
      },
      "Google.Apis.Auth": {
        "type": "Transitive",
        "resolved": "1.73.0",
        "contentHash": "wEu12uhnRv3zrPBSqv4E2vPH6lYLtc1RPAnU9MJRCMFlBVwZ7Lnq3NfbYXi6VG7EurkYInTaMpeBZkbM/HrAog==",
        "dependencies": {
          "Google.Apis": "1.73.0",
          "Google.Apis.Core": "1.73.0",
          "System.Management": "7.0.2"
        }
      },
      "Google.Apis.Core": {
        "type": "Transitive",
        "resolved": "1.73.0",
        "contentHash": "vSc7CY4KCP7HE4QTElDx/ExnGLbg9kXb89MS6cdvI+0D4sxvTYb16vGtXmF2jSDMV3iDmykSXdIUPTz8TDS6gg==",
        "dependencies": {
          "Newtonsoft.Json": "13.0.4"
        }
      },
      "Google.Apis.Drive.v3": {
        "type": "Transitive",
        "resolved": "1.73.0.3996",
        "contentHash": "qYjAzSt0BEgjT/eceyD7sM6rC/QwcAo+SbgPOZL3JEvAixY8PFnUxkWjQH2eIqXSoY8YjaBh+KYFXzOTbzfbQA==",
        "dependencies": {
          "Google.Apis": "1.73.0",
          "Google.Apis.Auth": "1.73.0"
        }
      },
      "Humanizer.Core": {
        "type": "Transitive",
        "resolved": "2.14.1",
        "contentHash": "lQKvtaTDOXnoVJ20ibTuSIOf2i0uO0MPbDhd1jm238I+U/2ZnRENj0cktKZhtchBMtCUSRQ5v4xBCUbKNmyVMw=="
      },
      "Humanizer.Core.de": {
        "type": "Transitive",
        "resolved": "2.14.1",
        "contentHash": "9JD/p+rqjb8f5RdZ3aEJqbjMYkbk4VFii2QDnnOdNo6ywEfg/A5YeOQ55CaBJmy7KvV4tOK4+qHJnX/tg3Z54A==",
        "dependencies": {
          "Humanizer.Core": "[2.14.1]"
        }
      },
      "Humanizer.Core.fr": {
        "type": "Transitive",
        "resolved": "2.14.1",
        "contentHash": "2p4g0BYNzFS3u9SOIDByp2VClYKO0K1ecDV4BkB9EYdEPWfFODYnF+8CH8LpUrpxL2TuWo2fiFx/4Jcmrnkbpg==",
        "dependencies": {
          "Humanizer.Core": "[2.14.1]"
        }
      },
      "Humanizer.Core.ja": {
        "type": "Transitive",
        "resolved": "2.14.1",
        "contentHash": "TM3ablFNoYx4cYJybmRgpDioHpiKSD7q0QtMrmpsqwtiiEsdW5zz/q4PolwAczFnvrKpN6nBXdjnPPKVet93ng==",
        "dependencies": {
          "Humanizer.Core": "[2.14.1]"
        }
      },
      "JetBrains.Annotations": {
        "type": "Transitive",
        "resolved": "2024.3.0",
        "contentHash": "ox5pkeLQXjvJdyAB4b2sBYAlqZGLh3PjSnP1bQNVx72ONuTJ9+34/+Rq91Fc0dG29XG9RgZur9+NcP4riihTug=="
      },
      "ManagedBass": {
        "type": "Transitive",
        "resolved": "4.0.1",
        "contentHash": "At7E953X+a9BTlqFGHoKi66/4d2V6LLhKdlXso4JhfzzzDXu4reKkFf377i2Wh16DF+Rcaq3dEhpxKYwgpO1kA=="
      },
      "Microsoft.CodeCoverage": {
        "type": "Transitive",
        "resolved": "17.9.0",
        "contentHash": "RGD37ZSrratfScYXm7M0HjvxMxZyWZL4jm+XgMZbkIY1UPgjUpbNA/t+WTGj/rC/0Hm9A3IrH3ywbKZkOCnoZA=="
      },
      "Microsoft.Extensions.DependencyInjection": {
        "type": "Transitive",
        "resolved": "9.0.2",
        "contentHash": "ZffbJrskOZ40JTzcTyKwFHS5eACSWp2bUQBBApIgGV+es8RaTD4OxUG7XxFr3RIPLXtYQ1jQzF2DjKB5fZn7Qg==",
        "dependencies": {
          "Microsoft.Extensions.DependencyInjection.Abstractions": "9.0.2"
        }
      },
      "Microsoft.Extensions.DependencyInjection.Abstractions": {
        "type": "Transitive",
        "resolved": "9.0.2",
        "contentHash": "MNe7GSTBf3jQx5vYrXF0NZvn6l7hUKF6J54ENfAgCO8y6xjN1XUmKKWG464LP2ye6QqDiA1dkaWEZBYnhoZzjg=="
      },
      "Microsoft.TestPlatform.ObjectModel": {
        "type": "Transitive",
        "resolved": "17.9.0",
        "contentHash": "1ilw/8vgmjLyKU+2SKXKXaOqpYFJCQfGqGz+x0cosl981VzjrY74Sv6qAJv+neZMZ9ZMxF3ArN6kotaQ4uvEBw=="
      },
      "Microsoft.TestPlatform.TestHost": {
        "type": "Transitive",
        "resolved": "17.9.0",
        "contentHash": "Spmg7Wx49Ya3SxBjyeAR+nQpjMTKZwTwpZ7KyeOTIqI/WHNPnBU4HUvl5kuHPQAwGWqMy4FGZja1HvEwvoaDiA==",
        "dependencies": {
          "Microsoft.TestPlatform.ObjectModel": "17.9.0",
          "Newtonsoft.Json": "13.0.1"
        }
      },
      "Newtonsoft.Json": {
        "type": "Transitive",
        "resolved": "13.0.4",
        "contentHash": "pdgNNMai3zv51W5aq268sujXUyx7SNdE2bj1wZcWjAQrKMFZV260lbqYop1d2GM67JI1huLRwxo9ZqnfF/lC6A=="
      },
      "R3": {
        "type": "Transitive",
        "resolved": "1.1.13",
        "contentHash": "McZxKrxNQticKHztfz5JiEVW6L2IAAi8/ytKJDXHrcGunRG5nu9Gbml3kY2hjpbSWgRs7A+gns2VFaohAYZm5g=="
      },
      "Reloaded.Memory": {
        "type": "Transitive",
        "resolved": "7.1.0",
        "contentHash": "4Y5tCsRWdW/shj9W7RqJq37LStuW1VVtjxsBp4LKZilPcjudeQg9k+u+6fnDgacCEJiG3S2EtcaiNtVMTdaSnQ=="
      },
      "SixLabors.ImageSharp": {
        "type": "Transitive",
        "resolved": "3.1.12",
        "contentHash": "iAg6zifihXEFS/t7fiHhZBGAdCp3FavsF4i2ZIDp0JfeYeDVzvmlbY1CNhhIKimaIzrzSi5M/NBFcWvZT2rB/A=="
      },
      "System.CodeDom": {
        "type": "Transitive",
        "resolved": "7.0.0",
        "contentHash": "GLltyqEsE5/3IE+zYRP5sNa1l44qKl9v+bfdMcwg+M9qnQf47wK3H0SUR/T+3N4JEQXF3vV4CSuuo0rsg+nq2A=="
      },
      "System.Diagnostics.EventLog": {
        "type": "Transitive",
        "resolved": "6.0.0",
        "contentHash": "lcyUiXTsETK2ALsZrX+nWuHSIQeazhqPphLfaRxzdGaG93+0kELqpgEHtwWOlQe7+jSFnKwaCAgL4kjeZCQJnw=="
      },
      "System.Management": {
        "type": "Transitive",
        "resolved": "7.0.2",
        "contentHash": "/qEUN91mP/MUQmJnM5y5BdT7ZoPuVrtxnFlbJ8a3kBJGhe2wCzBfnPFtK2wTtEEcf3DMGR9J00GZZfg6HRI6yA==",
        "dependencies": {
          "System.CodeDom": "7.0.0"
        }
      },
      "xunit.abstractions": {
        "type": "Transitive",
        "resolved": "2.0.3",
        "contentHash": "pot1I4YOxlWjIb5jmwvvQNbTrZ3lJQ+jUGkGjWE3hEFM0l5gOnBWS+H3qsex68s5cO52g+44vpGzhAt+42vwKg=="
      },
      "xunit.analyzers": {
        "type": "Transitive",
        "resolved": "1.11.0",
        "contentHash": "SCv+Ihxv+fCqotGeM8sVwLhw8nzAJ2aFRN5lcoKn9QtGdbVJ79JqDc+4u8/Ddnp2udxtmv+xYFWkHNlb/sk01w=="
      },
      "xunit.assert": {
        "type": "Transitive",
        "resolved": "2.7.0",
        "contentHash": "CCTs3bUhmIS4tDwK6Cn/IiabG3RhYzdf65eIkO7u9/grKoN9MrN780LzVED3E8v+vwmmj7b5TW3/GFuZHPAzWA=="
      },
      "xunit.core": {
        "type": "Transitive",
        "resolved": "2.7.0",
        "contentHash": "98tzqYAbtc/p/2Ba455XTNbD12Qoo8kPehjC4oDT46CAsLli5JOCU9hFF2MV3HHWMw/Y3yFUV2Vcukplbs6kuA==",
        "dependencies": {
          "xunit.extensibility.core": "[2.7.0]",
          "xunit.extensibility.execution": "[2.7.0]"
        }
      },
      "xunit.extensibility.core": {
        "type": "Transitive",
        "resolved": "2.7.0",
        "contentHash": "JLnx4PI0vn1Xr1Ust6ydrp2t/ktm2dyGPAVoDJV5gQuvBMSbd2K7WGzODa2ttiz030CeQ8nbsXl05+cvf7QNyA==",
        "dependencies": {
          "xunit.abstractions": "2.0.3"
        }
      },
      "xunit.extensibility.execution": {
        "type": "Transitive",
        "resolved": "2.7.0",
        "contentHash": "bjY+crT1jOyxKagFjCMdEVzoenO2v66ru8+CK/0UaXvyG4U9Q3UTieJkbQXbi7/1yZIK1sGh01l5/jh2CwLJtQ==",
        "dependencies": {
          "xunit.extensibility.core": "[2.7.0]"
        }
      },
      "echokraut": {
        "type": "Project",
        "dependencies": {
          "Google.Apis.Auth": "[1.73.0, )",
          "Google.Apis.Drive.v3": "[1.73.0.3996, )",
          "Humanizer.Core": "[2.14.1, )",
          "Humanizer.Core.de": "[2.14.1, )",
          "Humanizer.Core.fr": "[2.14.1, )",
          "Humanizer.Core.ja": "[2.14.1, )",
          "KamiToolKit": "[1.0.0, )",
          "ManagedBass": "[4.0.1, )",
          "OtterGui": "[1.0.0, )",
          "R3": "[1.1.13, )",
          "Reloaded.Memory": "[7.1.0, )"
        }
      },
      "kamitoolkit": {
        "type": "Project",
        "dependencies": {
          "SixLabors.ImageSharp": "[3.1.12, )"
        }
      },
      "ottergui": {
        "type": "Project",
        "dependencies": {
          "JetBrains.Annotations": "[2024.3.0, )",
          "Microsoft.Extensions.DependencyInjection": "[9.0.2, )"
        }
      }
    }
  }
}